
Microsoft Visual Studio Solution File, Format Version 12.00
# Visual Studio Version 16
VisualStudioVersion = 16.0.32602.291
MinimumVisualStudioVersion = 10.0.40219.1
Project("{FAE04EC0-301F-11D3-BF4B-00C04F79EFBC}") = "SysManager.API.admin", "SysManager.API.admin\SysManager.API.admin.csproj", "{D23A04BA-E2B2-4F25-8CA2-85B5B26E9657}"
EndProject
Project("{FAE04EC0-301F-11D3-BF4B-00C04F79EFBC}") = "SysManager.Application", "SysManager.Application\SysManager.Application.csproj", "{D8058703-6B3E-4352-95C6-A6D0167E645D}"
EndProject
Project("{2150E333-8FDC-42A3-9474-1A3956D46DE8}") = "Items", "Items", "{7D6E3D57-AA3E-4DD1-8BB3-835661158BBE}"
EndProject
Global
	GlobalSection(SolutionConfigurationPlatforms) = preSolution
		Debug|Any CPU = Debug|Any CPU
		Release|Any CPU = Release|Any CPU
	EndGlobalSection
	GlobalSection(ProjectConfigurationPlatforms) = postSolution
		{D23A04BA-E2B2-4F25-8CA2-85B5B26E9657}.Debug|Any CPU.ActiveCfg = Debug|Any CPU
		{D23A04BA-E2B2-4F25-8CA2-85B5B26E9657}.Debug|Any CPU.Build.0 = Debug|Any CPU
		{D23A04BA-E2B2-4F25-8CA2-85B5B26E9657}.Release|Any CPU.ActiveCfg = Release|Any CPU
		{D23A04BA-E2B2-4F25-8CA2-85B5B26E9657}.Release|Any CPU.Build.0 = Release|Any CPU
		{D8058703-6B3E-4352-95C6-A6D0167E645D}.Debug|Any CPU.ActiveCfg = Debug|Any CPU
		{D8058703-6B3E-4352-95C6-A6D0167E645D}.Debug|Any CPU.Build.0 = Debug|Any CPU
		{D8058703-6B3E-4352-95C6-A6D0167E645D}.Release|Any CPU.ActiveCfg = Release|Any CPU
		{D8058703-6B3E-4352-95C6-A6D0167E645D}.Release|Any CPU.Build.0 = Release|Any CPU
	EndGlobalSection
	GlobalSection(SolutionProperties) = preSolution
		HideSolutionNode = FALSE
	EndGlobalSection
	GlobalSection(ExtensibilityGlobals) = postSolution
		SolutionGuid = {8009A252-B83C-4742-AA60-6CD61A5162A8}
	EndGlobalSection
EndGlobal
